
Microsoft Visual Studio Solution File, Format Version 12.00
# Visual Studio Version 17
VisualStudioVersion = 17.0.31903.59
MinimumVisualStudioVersion = 10.0.40219.1
Project("{FAE04EC0-301F-11D3-BF4B-00C04F79EFBC}") = "ServicioA", "ServicioA\ServicioA.csproj", "{47F83133-0090-47B5-88F9-36AF9F553D1B}"
EndProject
Project("{FAE04EC0-301F-11D3-BF4B-00C04F79EFBC}") = "ServicioB", "ServicioB\ServicioB.csproj", "{28D5A20E-2A06-4AAC-841D-0A90162400E8}"
EndProject
Project("{FAE04EC0-301F-11D3-BF4B-00C04F79EFBC}") = "ApiGateway", "ApiGateway\ApiGateway.csproj", "{A818980A-3FDA-487E-9E8A-2EF613B37DD5}"
EndProject
Global
	GlobalSection(SolutionConfigurationPlatforms) = preSolution
		Debug|Any CPU = Debug|Any CPU
		Release|Any CPU = Release|Any CPU
	EndGlobalSection
	GlobalSection(SolutionProperties) = preSolution
		HideSolutionNode = FALSE
	EndGlobalSection
	GlobalSection(ProjectConfigurationPlatforms) = postSolution
		{47F83133-0090-47B5-88F9-36AF9F553D1B}.Debug|Any CPU.ActiveCfg = Debug|Any CPU
		{47F83133-0090-47B5-88F9-36AF9F553D1B}.Debug|Any CPU.Build.0 = Debug|Any CPU
		{47F83133-0090-47B5-88F9-36AF9F553D1B}.Release|Any CPU.ActiveCfg = Release|Any CPU
		{47F83133-0090-47B5-88F9-36AF9F553D1B}.Release|Any CPU.Build.0 = Release|Any CPU
		{28D5A20E-2A06-4AAC-841D-0A90162400E8}.Debug|Any CPU.ActiveCfg = Debug|Any CPU
		{28D5A20E-2A06-4AAC-841D-0A90162400E8}.Debug|Any CPU.Build.0 = Debug|Any CPU
		{28D5A20E-2A06-4AAC-841D-0A90162400E8}.Release|Any CPU.ActiveCfg = Release|Any CPU
		{28D5A20E-2A06-4AAC-841D-0A90162400E8}.Release|Any CPU.Build.0 = Release|Any CPU
		{A818980A-3FDA-487E-9E8A-2EF613B37DD5}.Debug|Any CPU.ActiveCfg = Debug|Any CPU
		{A818980A-3FDA-487E-9E8A-2EF613B37DD5}.Debug|Any CPU.Build.0 = Debug|Any CPU
		{A818980A-3FDA-487E-9E8A-2EF613B37DD5}.Release|Any CPU.ActiveCfg = Release|Any CPU
		{A818980A-3FDA-487E-9E8A-2EF613B37DD5}.Release|Any CPU.Build.0 = Release|Any CPU
	EndGlobalSection
EndGlobal
